// !$*UTF8*$!
{
	archiveVersion = 1;
	classes = {
	};
	objectVersion = 50;
	objects = {

/* Begin PBXBuildFile section */
		FAA41347210E2C960097D522 /* AppDelegate.swift in Sources */ = {isa = PBXBuildFile; fileRef = FAA41346210E2C960097D522 /* AppDelegate.swift */; };
		FAA41349210E2C960097D522 /* ViewController.swift in Sources */ = {isa = PBXBuildFile; fileRef = FAA41348210E2C960097D522 /* ViewController.swift */; };
		FAA4134B210E2C970097D522 /* Assets.xcassets in Resources */ = {isa = PBXBuildFile; fileRef = FAA4134A210E2C970097D522 /* Assets.xcassets */; };
		FAA4134E210E2C970097D522 /* Main.storyboard in Resources */ = {isa = PBXBuildFile; fileRef = FAA4134C210E2C970097D522 /* Main.storyboard */; };
		FAA4135A210E2C970097D522 /* ExampleTests.swift in Sources */ = {isa = PBXBuildFile; fileRef = FAA41359210E2C970097D522 /* ExampleTests.swift */; };
		FAA41376210E3CC20097D522 /* Sauce.framework in Frameworks */ = {isa = PBXBuildFile; fileRef = FAA41373210E3CBD0097D522 /* Sauce.framework */; };
		FAA41377210E3CC20097D522 /* Sauce.framework in Embed Frameworks */ = {isa = PBXBuildFile; fileRef = FAA41373210E3CBD0097D522 /* Sauce.framework */; settings = {ATTRIBUTES = (CodeSignOnCopy, RemoveHeadersOnCopy, ); }; };
/* End PBXBuildFile section */

/* Begin PBXContainerItemProxy section */
		FAA41356210E2C970097D522 /* PBXContainerItemProxy */ = {
			isa = PBXContainerItemProxy;
			containerPortal = FAA4133B210E2C960097D522 /* Project object */;
			proxyType = 1;
			remoteGlobalIDString = FAA41342210E2C960097D522;
			remoteInfo = Example;
		};
		FAA41372210E3CBD0097D522 /* PBXContainerItemProxy */ = {
			isa = PBXContainerItemProxy;
			containerPortal = FAA4136D210E3CBD0097D522 /* Sauce.xcodeproj */;
			proxyType = 2;
			remoteGlobalIDString = FAA41320210E2C730097D522;
			remoteInfo = Sauce;
		};
		FAA41374210E3CBD0097D522 /* PBXContainerItemProxy */ = {
			isa = PBXContainerItemProxy;
			containerPortal = FAA4136D210E3CBD0097D522 /* Sauce.xcodeproj */;
			proxyType = 2;
			remoteGlobalIDString = FAA41329210E2C730097D522;
			remoteInfo = SauceTests;
		};
		FAA41378210E3CC20097D522 /* PBXContainerItemProxy */ = {
			isa = PBXContainerItemProxy;
			containerPortal = FAA4136D210E3CBD0097D522 /* Sauce.xcodeproj */;
			proxyType = 1;
			remoteGlobalIDString = FAA4131F210E2C730097D522;
			remoteInfo = Sauce;
		};
/* End PBXContainerItemProxy section */

/* Begin PBXCopyFilesBuildPhase section */
		FAA4137A210E3CC20097D522 /* Embed Frameworks */ = {
			isa = PBXCopyFilesBuildPhase;
			buildActionMask = 2147483647;
			dstPath = "";
			dstSubfolderSpec = 10;
			files = (
				FAA41377210E3CC20097D522 /* Sauce.framework in Embed Frameworks */,
			);
			name = "Embed Frameworks";
			runOnlyForDeploymentPostprocessing = 0;
		};
/* End PBXCopyFilesBuildPhase section */

/* Begin PBXFileReference section */
		FAA41343210E2C960097D522 /* Example.app */ = {isa = PBXFileReference; explicitFileType = wrapper.application; includeInIndex = 0; path = Example.app; sourceTree = BUILT_PRODUCTS_DIR; };
		FAA41346210E2C960097D522 /* AppDelegate.swift */ = {isa = PBXFileReference; lastKnownFileType = sourcecode.swift; path = AppDelegate.swift; sourceTree = "<group>"; };
		FAA41348210E2C960097D522 /* ViewController.swift */ = {isa = PBXFileReference; lastKnownFileType = sourcecode.swift; path = ViewController.swift; sourceTree = "<group>"; };
		FAA4134A210E2C970097D522 /* Assets.xcassets */ = {isa = PBXFileReference; lastKnownFileType = folder.assetcatalog; path = Assets.xcassets; sourceTree = "<group>"; };
		FAA4134D210E2C970097D522 /* Base */ = {isa = PBXFileReference; lastKnownFileType = file.storyboard; name = Base; path = Base.lproj/Main.storyboard; sourceTree = "<group>"; };
		FAA4134F210E2C970097D522 /* Info.plist */ = {isa = PBXFileReference; lastKnownFileType = text.plist.xml; path = Info.plist; sourceTree = "<group>"; };
		FAA41350210E2C970097D522 /* Example.entitlements */ = {isa = PBXFileReference; lastKnownFileType = text.plist.entitlements; path = Example.entitlements; sourceTree = "<group>"; };
		FAA41355210E2C970097D522 /* ExampleTests.xctest */ = {isa = PBXFileReference; explicitFileType = wrapper.cfbundle; includeInIndex = 0; path = ExampleTests.xctest; sourceTree = BUILT_PRODUCTS_DIR; };
		FAA41359210E2C970097D522 /* ExampleTests.swift */ = {isa = PBXFileReference; lastKnownFileType = sourcecode.swift; path = ExampleTests.swift; sourceTree = "<group>"; };
		FAA4135B210E2C970097D522 /* Info.plist */ = {isa = PBXFileReference; lastKnownFileType = text.plist.xml; path = Info.plist; sourceTree = "<group>"; };
		FAA4136D210E3CBD0097D522 /* Sauce.xcodeproj */ = {isa = PBXFileReference; lastKnownFileType = "wrapper.pb-project"; name = Sauce.xcodeproj; path = ../../Lib/Sauce.xcodeproj; sourceTree = "<group>"; };
/* End PBXFileReference section */

/* Begin PBXFrameworksBuildPhase section */
		FAA41340210E2C960097D522 /* Frameworks */ = {
			isa = PBXFrameworksBuildPhase;
			buildActionMask = 2147483647;
			files = (
				FAA41376210E3CC20097D522 /* Sauce.framework in Frameworks */,
			);
			runOnlyForDeploymentPostprocessing = 0;
		};
		FAA41352210E2C970097D522 /* Frameworks */ = {
			isa = PBXFrameworksBuildPhase;
			buildActionMask = 2147483647;
			files = (
			);
			runOnlyForDeploymentPostprocessing = 0;
		};
/* End PBXFrameworksBuildPhase section */

/* Begin PBXGroup section */
		FAA4133A210E2C960097D522 = {
			isa = PBXGroup;
			children = (
				FAA41345210E2C960097D522 /* Example */,
				FAA41358210E2C970097D522 /* ExampleTests */,
				FAA41344210E2C960097D522 /* Products */,
				FAA4136C210E3CAA0097D522 /* Frameworks */,
			);
			sourceTree = "<group>";
		};
		FAA41344210E2C960097D522 /* Products */ = {
			isa = PBXGroup;
			children = (
				FAA41343210E2C960097D522 /* Example.app */,
				FAA41355210E2C970097D522 /* ExampleTests.xctest */,
			);
			name = Products;
			sourceTree = "<group>";
		};
		FAA41345210E2C960097D522 /* Example */ = {
			isa = PBXGroup;
			children = (
				FAA41346210E2C960097D522 /* AppDelegate.swift */,
				FAA41348210E2C960097D522 /* ViewController.swift */,
				FAA4134A210E2C970097D522 /* Assets.xcassets */,
				FAA4134C210E2C970097D522 /* Main.storyboard */,
				FAA4134F210E2C970097D522 /* Info.plist */,
				FAA41350210E2C970097D522 /* Example.entitlements */,
			);
			path = Example;
			sourceTree = "<group>";
		};
		FAA41358210E2C970097D522 /* ExampleTests */ = {
			isa = PBXGroup;
			children = (
				FAA41359210E2C970097D522 /* ExampleTests.swift */,
				FAA4135B210E2C970097D522 /* Info.plist */,
			);
			path = ExampleTests;
			sourceTree = "<group>";
		};
		FAA4136C210E3CAA0097D522 /* Frameworks */ = {
			isa = PBXGroup;
			children = (
				FAA4136D210E3CBD0097D522 /* Sauce.xcodeproj */,
			);
			path = Frameworks;
			sourceTree = "<group>";
		};
		FAA4136E210E3CBD0097D522 /* Products */ = {
			isa = PBXGroup;
			children = (
				FAA41373210E3CBD0097D522 /* Sauce.framework */,
				FAA41375210E3CBD0097D522 /* SauceTests.xctest */,
			);
			name = Products;
			sourceTree = "<group>";
		};
/* End PBXGroup section */

/* Begin PBXNativeTarget section */
		FAA41342210E2C960097D522 /* Example */ = {
			isa = PBXNativeTarget;
			buildConfigurationList = FAA4135E210E2C970097D522 /* Build configuration list for PBXNativeTarget "Example" */;
			buildPhases = (
				FAA4133F210E2C960097D522 /* Sources */,
				FAA41340210E2C960097D522 /* Frameworks */,
				FAA41341210E2C960097D522 /* Resources */,
				FAA4137A210E3CC20097D522 /* Embed Frameworks */,
			);
			buildRules = (
			);
			dependencies = (
				FAA41379210E3CC20097D522 /* PBXTargetDependency */,
			);
			name = Example;
			productName = Example;
			productReference = FAA41343210E2C960097D522 /* Example.app */;
			productType = "com.apple.product-type.application";
		};
		FAA41354210E2C970097D522 /* ExampleTests */ = {
			isa = PBXNativeTarget;
			buildConfigurationList = FAA41361210E2C970097D522 /* Build configuration list for PBXNativeTarget "ExampleTests" */;
			buildPhases = (
				FAA41351210E2C970097D522 /* Sources */,
				FAA41352210E2C970097D522 /* Frameworks */,
				FAA41353210E2C970097D522 /* Resources */,
			);
			buildRules = (
			);
			dependencies = (
				FAA41357210E2C970097D522 /* PBXTargetDependency */,
			);
			name = ExampleTests;
			productName = ExampleTests;
			productReference = FAA41355210E2C970097D522 /* ExampleTests.xctest */;
			productType = "com.apple.product-type.bundle.unit-test";
		};
/* End PBXNativeTarget section */

/* Begin PBXProject section */
		FAA4133B210E2C960097D522 /* Project object */ = {
			isa = PBXProject;
			attributes = {
				LastSwiftUpdateCheck = 0940;
				LastUpgradeCheck = 0940;
				ORGANIZATIONNAME = "Clipy Project";
				TargetAttributes = {
					FAA41342210E2C960097D522 = {
						CreatedOnToolsVersion = 9.4.1;
						LastSwiftMigration = 1020;
					};
					FAA41354210E2C970097D522 = {
						CreatedOnToolsVersion = 9.4.1;
						LastSwiftMigration = 1020;
						TestTargetID = FAA41342210E2C960097D522;
					};
				};
			};
			buildConfigurationList = FAA4133E210E2C960097D522 /* Build configuration list for PBXProject "Example" */;
			compatibilityVersion = "Xcode 9.3";
			developmentRegion = en;
			hasScannedForEncodings = 0;
			knownRegions = (
				en,
				Base,
			);
			mainGroup = FAA4133A210E2C960097D522;
			productRefGroup = FAA41344210E2C960097D522 /* Products */;
			projectDirPath = "";
			projectReferences = (
				{
					ProductGroup = FAA4136E210E3CBD0097D522 /* Products */;
					ProjectRef = FAA4136D210E3CBD0097D522 /* Sauce.xcodeproj */;
				},
			);
			projectRoot = "";
			targets = (
				FAA41342210E2C960097D522 /* Example */,
				FAA41354210E2C970097D522 /* ExampleTests */,
			);
		};
/* End PBXProject section */

/* Begin PBXReferenceProxy section */
		FAA41373210E3CBD0097D522 /* Sauce.framework */ = {
			isa = PBXReferenceProxy;
			fileType = wrapper.framework;
			path = Sauce.framework;
			remoteRef = FAA41372210E3CBD0097D522 /* PBXContainerItemProxy */;
			sourceTree = BUILT_PRODUCTS_DIR;
		};
		FAA41375210E3CBD0097D522 /* SauceTests.xctest */ = {
			isa = PBXReferenceProxy;
			fileType = wrapper.cfbundle;
			path = SauceTests.xctest;
			remoteRef = FAA41374210E3CBD0097D522 /* PBXContainerItemProxy */;
			sourceTree = BUILT_PRODUCTS_DIR;
		};
/* End PBXReferenceProxy section */

/* Begin PBXResourcesBuildPhase section */
		FAA41341210E2C960097D522 /* Resources */ = {
			isa = PBXResourcesBuildPhase;
			buildActionMask = 2147483647;
			files = (
				FAA4134B210E2C970097D522 /* Assets.xcassets in Resources */,
				FAA4134E210E2C970097D522 /* Main.storyboard in Resources */,
			);
			runOnlyForDeploymentPostprocessing = 0;
		};
		FAA41353210E2C970097D522 /* Resources */ = {
			isa = PBXResourcesBuildPhase;
			buildActionMask = 2147483647;
			files = (
			);
			runOnlyForDeploymentPostprocessing = 0;
		};
/* End PBXResourcesBuildPhase section */

/* Begin PBXSourcesBuildPhase section */
		FAA4133F210E2C960097D522 /* Sources */ = {
			isa = PBXSourcesBuildPhase;
			buildActionMask = 2147483647;
			files = (
				FAA41349210E2C960097D522 /* ViewController.swift in Sources */,
				FAA41347210E2C960097D522 /* AppDelegate.swift in Sources */,
			);
			runOnlyForDeploymentPostprocessing = 0;
		};
		FAA41351210E2C970097D522 /* Sources */ = {
			isa = PBXSourcesBuildPhase;
			buildActionMask = 2147483647;
			files = (
				FAA4135A210E2C970097D522 /* ExampleTests.swift in Sources */,
			);
			runOnlyForDeploymentPostprocessing = 0;
		};
/* End PBXSourcesBuildPhase section */

/* Begin PBXTargetDependency section */
		FAA41357210E2C970097D522 /* PBXTargetDependency */ = {
			isa = PBXTargetDependency;
			target = FAA41342210E2C960097D522 /* Example */;
			targetProxy = FAA41356210E2C970097D522 /* PBXContainerItemProxy */;
		};
		FAA41379210E3CC20097D522 /* PBXTargetDependency */ = {
			isa = PBXTargetDependency;
			name = Sauce;
			targetProxy = FAA41378210E3CC20097D522 /* PBXContainerItemProxy */;
		};
/* End PBXTargetDependency section */

/* Begin PBXVariantGroup section */
		FAA4134C210E2C970097D522 /* Main.storyboard */ = {
			isa = PBXVariantGroup;
			children = (
				FAA4134D210E2C970097D522 /* Base */,
			);
			name = Main.storyboard;
			sourceTree = "<group>";
		};
/* End PBXVariantGroup section */

/* Begin XCBuildConfiguration section */
		FAA4135C210E2C970097D522 /* Debug */ = {
			isa = XCBuildConfiguration;
			buildSettings = {
				ALWAYS_SEARCH_USER_PATHS = NO;
				CLANG_ANALYZER_NONNULL = YES;
				CLANG_ANALYZER_NUMBER_OBJECT_CONVERSION = YES_AGGRESSIVE;
				CLANG_CXX_LANGUAGE_STANDARD = "gnu++14";
				CLANG_CXX_LIBRARY = "libc++";
				CLANG_ENABLE_MODULES = YES;
				CLANG_ENABLE_OBJC_ARC = YES;
				CLANG_ENABLE_OBJC_WEAK = YES;
				CLANG_WARN_BLOCK_CAPTURE_AUTORELEASING = YES;
				CLANG_WARN_BOOL_CONVERSION = YES;
				CLANG_WARN_COMMA = YES;
				CLANG_WARN_CONSTANT_CONVERSION = YES;
				CLANG_WARN_DEPRECATED_OBJC_IMPLEMENTATIONS = YES;
				CLANG_WARN_DIRECT_OBJC_ISA_USAGE = YES_ERROR;
				CLANG_WARN_DOCUMENTATION_COMMENTS = YES;
				CLANG_WARN_EMPTY_BODY = YES;
				CLANG_WARN_ENUM_CONVERSION = YES;
				CLANG_WARN_INFINITE_RECURSION = YES;
				CLANG_WARN_INT_CONVERSION = YES;
				CLANG_WARN_NON_LITERAL_NULL_CONVERSION = YES;
				CLANG_WARN_OBJC_IMPLICIT_RETAIN_SELF = YES;
				CLANG_WARN_OBJC_LITERAL_CONVERSION = YES;
				CLANG_WARN_OBJC_ROOT_CLASS = YES_ERROR;
				CLANG_WARN_RANGE_LOOP_ANALYSIS = YES;
				CLANG_WARN_STRICT_PROTOTYPES = YES;
				CLANG_WARN_SUSPICIOUS_MOVE = YES;
				CLANG_WARN_UNGUARDED_AVAILABILITY = YES_AGGRESSIVE;
				CLANG_WARN_UNREACHABLE_CODE = YES;
				CLANG_WARN__DUPLICATE_METHOD_MATCH = YES;
				CODE_SIGN_IDENTITY = "-";
				COPY_PHASE_STRIP = NO;
				DEBUG_INFORMATION_FORMAT = dwarf;
				ENABLE_STRICT_OBJC_MSGSEND = YES;
				ENABLE_TESTABILITY = YES;
				GCC_C_LANGUAGE_STANDARD = gnu11;
				GCC_DYNAMIC_NO_PIC = NO;
				GCC_NO_COMMON_BLOCKS = YES;
				GCC_OPTIMIZATION_LEVEL = 0;
				GCC_PREPROCESSOR_DEFINITIONS = (
					"DEBUG=1",
					"$(inherited)",
				);
				GCC_WARN_64_TO_32_BIT_CONVERSION = YES;
				GCC_WARN_ABOUT_RETURN_TYPE = YES_ERROR;
				GCC_WARN_UNDECLARED_SELECTOR = YES;
				GCC_WARN_UNINITIALIZED_AUTOS = YES_AGGRESSIVE;
				GCC_WARN_UNUSED_FUNCTION = YES;
				GCC_WARN_UNUSED_VARIABLE = YES;
				MACOSX_DEPLOYMENT_TARGET = 10.13;
				MTL_ENABLE_DEBUG_INFO = YES;
				ONLY_ACTIVE_ARCH = YES;
				SDKROOT = macosx;
				SWIFT_ACTIVE_COMPILATION_CONDITIONS = DEBUG;
				SWIFT_OPTIMIZATION_LEVEL = "-Onone";
			};
			name = Debug;
		};
		FAA4135D210E2C970097D522 /* Release */ = {
			isa = XCBuildConfiguration;
			buildSettings = {
				ALWAYS_SEARCH_USER_PATHS = NO;
				CLANG_ANALYZER_NONNULL = YES;
				CLANG_ANALYZER_NUMBER_OBJECT_CONVERSION = YES_AGGRESSIVE;
				CLANG_CXX_LANGUAGE_STANDARD = "gnu++14";
				CLANG_CXX_LIBRARY = "libc++";
				CLANG_ENABLE_MODULES = YES;
				CLANG_ENABLE_OBJC_ARC = YES;
				CLANG_ENABLE_OBJC_WEAK = YES;
				CLANG_WARN_BLOCK_CAPTURE_AUTORELEASING = YES;
				CLANG_WARN_BOOL_CONVERSION = YES;
				CLANG_WARN_COMMA = YES;
				CLANG_WARN_CONSTANT_CONVERSION = YES;
				CLANG_WARN_DEPRECATED_OBJC_IMPLEMENTATIONS = YES;
				CLANG_WARN_DIRECT_OBJC_ISA_USAGE = YES_ERROR;
				CLANG_WARN_DOCUMENTATION_COMMENTS = YES;
				CLANG_WARN_EMPTY_BODY = YES;
				CLANG_WARN_ENUM_CONVERSION = YES;
				CLANG_WARN_INFINITE_RECURSION = YES;
				CLANG_WARN_INT_CONVERSION = YES;
				CLANG_WARN_NON_LITERAL_NULL_CONVERSION = YES;
				CLANG_WARN_OBJC_IMPLICIT_RETAIN_SELF = YES;
				CLANG_WARN_OBJC_LITERAL_CONVERSION = YES;
				CLANG_WARN_OBJC_ROOT_CLASS = YES_ERROR;
				CLANG_WARN_RANGE_LOOP_ANALYSIS = YES;
				CLANG_WARN_STRICT_PROTOTYPES = YES;
				CLANG_WARN_SUSPICIOUS_MOVE = YES;
				CLANG_WARN_UNGUARDED_AVAILABILITY = YES_AGGRESSIVE;
				CLANG_WARN_UNREACHABLE_CODE = YES;
				CLANG_WARN__DUPLICATE_METHOD_MATCH = YES;
				CODE_SIGN_IDENTITY = "-";
				COPY_PHASE_STRIP = NO;
				DEBUG_INFORMATION_FORMAT = "dwarf-with-dsym";
				ENABLE_NS_ASSERTIONS = NO;
				ENABLE_STRICT_OBJC_MSGSEND = YES;
				GCC_C_LANGUAGE_STANDARD = gnu11;
				GCC_NO_COMMON_BLOCKS = YES;
				GCC_WARN_64_TO_32_BIT_CONVERSION = YES;
				GCC_WARN_ABOUT_RETURN_TYPE = YES_ERROR;
				GCC_WARN_UNDECLARED_SELECTOR = YES;
				GCC_WARN_UNINITIALIZED_AUTOS = YES_AGGRESSIVE;
				GCC_WARN_UNUSED_FUNCTION = YES;
				GCC_WARN_UNUSED_VARIABLE = YES;
				MACOSX_DEPLOYMENT_TARGET = 10.13;
				MTL_ENABLE_DEBUG_INFO = NO;
				SDKROOT = macosx;
				SWIFT_COMPILATION_MODE = wholemodule;
				SWIFT_OPTIMIZATION_LEVEL = "-O";
			};
			name = Release;
		};
		FAA4135F210E2C970097D522 /* Debug */ = {
			isa = XCBuildConfiguration;
			buildSettings = {
				ALWAYS_EMBED_SWIFT_STANDARD_LIBRARIES = YES;
				ASSETCATALOG_COMPILER_APPICON_NAME = AppIcon;
				CODE_SIGN_ENTITLEMENTS = Example/Example.entitlements;
				CODE_SIGN_STYLE = Automatic;
				COMBINE_HIDPI_IMAGES = YES;
				INFOPLIST_FILE = Example/Info.plist;
				LD_RUNPATH_SEARCH_PATHS = (
					"$(inherited)",
					"@executable_path/../Frameworks",
				);
				PRODUCT_BUNDLE_IDENTIFIER = "com.clipy-app.Example";
				PRODUCT_NAME = "$(TARGET_NAME)";
				SWIFT_VERSION = 5.0;
			};
			name = Debug;
		};
		FAA41360210E2C970097D522 /* Release */ = {
			isa = XCBuildConfiguration;
			buildSettings = {
				ALWAYS_EMBED_SWIFT_STANDARD_LIBRARIES = YES;
				ASSETCATALOG_COMPILER_APPICON_NAME = AppIcon;
				CODE_SIGN_ENTITLEMENTS = Example/Example.entitlements;
				CODE_SIGN_STYLE = Automatic;
				COMBINE_HIDPI_IMAGES = YES;
				INFOPLIST_FILE = Example/Info.plist;
				LD_RUNPATH_SEARCH_PATHS = (
					"$(inherited)",
					"@executable_path/../Frameworks",
				);
				PRODUCT_BUNDLE_IDENTIFIER = "com.clipy-app.Example";
				PRODUCT_NAME = "$(TARGET_NAME)";
				SWIFT_VERSION = 5.0;
			};
			name = Release;
		};
		FAA41362210E2C970097D522 /* Debug */ = {
			isa = XCBuildConfiguration;
			buildSettings = {
				ALWAYS_EMBED_SWIFT_STANDARD_LIBRARIES = YES;
				BUNDLE_LOADER = "$(TEST_HOST)";
				CODE_SIGN_STYLE = Automatic;
				COMBINE_HIDPI_IMAGES = YES;
				INFOPLIST_FILE = ExampleTests/Info.plist;
				LD_RUNPATH_SEARCH_PATHS = (
					"$(inherited)",
					"@executable_path/../Frameworks",
					"@loader_path/../Frameworks",
				);
				PRODUCT_BUNDLE_IDENTIFIER = "com.clipy-app.ExampleTests";
				PRODUCT_NAME = "$(TARGET_NAME)";
				SWIFT_VERSION = 5.0;
				TEST_HOST = "$(BUILT_PRODUCTS_DIR)/Example.app/Contents/MacOS/Example";
			};
			name = Debug;
		};
		FAA41363210E2C970097D522 /* Release */ = {
			isa = XCBuildConfiguration;
			buildSettings = {
				ALWAYS_EMBED_SWIFT_STANDARD_LIBRARIES = YES;
				BUNDLE_LOADER = "$(TEST_HOST)";
				CODE_SIGN_STYLE = Automatic;
				COMBINE_HIDPI_IMAGES = YES;
				INFOPLIST_FILE = ExampleTests/Info.plist;
				LD_RUNPATH_SEARCH_PATHS = (
					"$(inherited)",
					"@executable_path/../Frameworks",
					"@loader_path/../Frameworks",
				);
				PRODUCT_BUNDLE_IDENTIFIER = "com.clipy-app.ExampleTests";
				PRODUCT_NAME = "$(TARGET_NAME)";
				SWIFT_VERSION = 5.0;
				TEST_HOST = "$(BUILT_PRODUCTS_DIR)/Example.app/Contents/MacOS/Example";
			};
			name = Release;
		};
/* End XCBuildConfiguration section */

/* Begin XCConfigurationList section */
		FAA4133E210E2C960097D522 /* Build configuration list for PBXProject "Example" */ = {
			isa = XCConfigurationList;
			buildConfigurations = (
				FAA4135C210E2C970097D522 /* Debug */,
				FAA4135D210E2C970097D522 /* Release */,
			);
			defaultConfigurationIsVisible = 0;
			defaultConfigurationName = Release;
		};
		FAA4135E210E2C970097D522 /* Build configuration list for PBXNativeTarget "Example" */ = {
			isa = XCConfigurationList;
			buildConfigurations = (
				FAA4135F210E2C970097D522 /* Debug */,
				FAA41360210E2C970097D522 /* Release */,
			);
			defaultConfigurationIsVisible = 0;
			defaultConfigurationName = Release;
		};
		FAA41361210E2C970097D522 /* Build configuration list for PBXNativeTarget "ExampleTests" */ = {
			isa = XCConfigurationList;
			buildConfigurations = (
				FAA41362210E2C970097D522 /* Debug */,
				FAA41363210E2C970097D522 /* Release */,
			);
			defaultConfigurationIsVisible = 0;
			defaultConfigurationName = Release;
		};
/* End XCConfigurationList section */
	};
	rootObject = FAA4133B210E2C960097D522 /* Project object */;
}
